
Microsoft Visual Studio Solution File, Format Version 12.00
# Visual Studio 2012
Project("{D954291E-2A0B-460D-934E-DC6B0785DB48}") = "Xmazon-Project", "Xmazon-Project.shproj", "{557537FF-0303-454B-A95E-1A609315190E}"
EndProject
Project("{FAE04EC0-301F-11D3-BF4B-00C04F79EFBC}") = "Xmazon-Project.iOS", "iOS\Xmazon-Project.iOS.csproj", "{2BBB2213-B697-40C1-9677-5E83DA9F8A28}"
EndProject
Project("{FAE04EC0-301F-11D3-BF4B-00C04F79EFBC}") = "Xmazon-Project.Droid", "Droid\Xmazon-Project.Droid.csproj", "{CAD4BD89-6CC4-46EC-836F-765EA47C7F05}"
EndProject
Global
	GlobalSection(SolutionConfigurationPlatforms) = preSolution
		Debug|iPhoneSimulator = Debug|iPhoneSimulator
		Release|iPhone = Release|iPhone
		Release|iPhoneSimulator = Release|iPhoneSimulator
		Debug|iPhone = Debug|iPhone
		Debug|Any CPU = Debug|Any CPU
		Release|Any CPU = Release|Any CPU
	EndGlobalSection
	GlobalSection(ProjectConfigurationPlatforms) = postSolution
		{2BBB2213-B697-40C1-9677-5E83DA9F8A28}.Debug|Any CPU.ActiveCfg = Debug|iPhoneSimulator
		{2BBB2213-B697-40C1-9677-5E83DA9F8A28}.Debug|Any CPU.Build.0 = Debug|iPhoneSimulator
		{2BBB2213-B697-40C1-9677-5E83DA9F8A28}.Debug|iPhone.ActiveCfg = Debug|iPhone
		{2BBB2213-B697-40C1-9677-5E83DA9F8A28}.Debug|iPhone.Build.0 = Debug|iPhone
		{2BBB2213-B697-40C1-9677-5E83DA9F8A28}.Debug|iPhoneSimulator.ActiveCfg = Debug|iPhoneSimulator
		{2BBB2213-B697-40C1-9677-5E83DA9F8A28}.Debug|iPhoneSimulator.Build.0 = Debug|iPhoneSimulator
		{2BBB2213-B697-40C1-9677-5E83DA9F8A28}.Release|Any CPU.ActiveCfg = Release|iPhone
		{2BBB2213-B697-40C1-9677-5E83DA9F8A28}.Release|Any CPU.Build.0 = Release|iPhone
		{2BBB2213-B697-40C1-9677-5E83DA9F8A28}.Release|iPhone.ActiveCfg = Release|iPhone
		{2BBB2213-B697-40C1-9677-5E83DA9F8A28}.Release|iPhone.Build.0 = Release|iPhone
		{2BBB2213-B697-40C1-9677-5E83DA9F8A28}.Release|iPhoneSimulator.ActiveCfg = Release|iPhoneSimulator
		{2BBB2213-B697-40C1-9677-5E83DA9F8A28}.Release|iPhoneSimulator.Build.0 = Release|iPhoneSimulator
		{CAD4BD89-6CC4-46EC-836F-765EA47C7F05}.Debug|Any CPU.ActiveCfg = Debug|Any CPU
		{CAD4BD89-6CC4-46EC-836F-765EA47C7F05}.Debug|Any CPU.Build.0 = Debug|Any CPU
		{CAD4BD89-6CC4-46EC-836F-765EA47C7F05}.Debug|iPhone.ActiveCfg = Debug|Any CPU
		{CAD4BD89-6CC4-46EC-836F-765EA47C7F05}.Debug|iPhone.Build.0 = Debug|Any CPU
		{CAD4BD89-6CC4-46EC-836F-765EA47C7F05}.Debug|iPhoneSimulator.ActiveCfg = Debug|Any CPU
		{CAD4BD89-6CC4-46EC-836F-765EA47C7F05}.Debug|iPhoneSimulator.Build.0 = Debug|Any CPU
		{CAD4BD89-6CC4-46EC-836F-765EA47C7F05}.Release|Any CPU.ActiveCfg = Release|Any CPU
		{CAD4BD89-6CC4-46EC-836F-765EA47C7F05}.Release|Any CPU.Build.0 = Release|Any CPU
		{CAD4BD89-6CC4-46EC-836F-765EA47C7F05}.Release|iPhone.ActiveCfg = Release|Any CPU
		{CAD4BD89-6CC4-46EC-836F-765EA47C7F05}.Release|iPhone.Build.0 = Release|Any CPU
		{CAD4BD89-6CC4-46EC-836F-765EA47C7F05}.Release|iPhoneSimulator.ActiveCfg = Release|Any CPU
		{CAD4BD89-6CC4-46EC-836F-765EA47C7F05}.Release|iPhoneSimulator.Build.0 = Release|Any CPU
	EndGlobalSection
EndGlobal
